
Microsoft Visual Studio Solution File, Format Version 12.00
# Visual Studio 15
VisualStudioVersion = 15.0.28307.572
MinimumVisualStudioVersion = 10.0.40219.1
Project("{FAE04EC0-301F-11D3-BF4B-00C04F79EFBC}") = "Aula03-flow-synch", "Aula03-flow-synch\Aula03-flow-synch.csproj", "{93132555-7473-4CB9-80B3-2162986A9702}"
EndProject
Project("{2150E333-8FDC-42A3-9474-1A3956D46DE8}") = "aula-10-22", "aula-10-22", "{75F2467C-B672-4DF4-AA75-478618897FAF}"
EndProject
Project("{FAE04EC0-301F-11D3-BF4B-00C04F79EFBC}") = "SemaphoreFifoED", "SemaphoreFifoED\SemaphoreFifoED.csproj", "{71FA2E8A-9205-4B4B-8BB5-F9AF6B7AD59F}"
EndProject
Project("{FAE04EC0-301F-11D3-BF4B-00C04F79EFBC}") = "SynchUtils", "SynchUtils\SynchUtils.csproj", "{03E016A8-29F3-4051-B55D-3B8E91C052C7}"
EndProject
Project("{FAE04EC0-301F-11D3-BF4B-00C04F79EFBC}") = "Aula14-memory-model", "Aula14-memory-model\Aula14-memory-model.csproj", "{2A3D97C8-069A-47D3-93E5-2179EB427E55}"
EndProject
Global
	GlobalSection(SolutionConfigurationPlatforms) = preSolution
		Debug|Any CPU = Debug|Any CPU
		Release|Any CPU = Release|Any CPU
	EndGlobalSection
	GlobalSection(ProjectConfigurationPlatforms) = postSolution
		{93132555-7473-4CB9-80B3-2162986A9702}.Debug|Any CPU.ActiveCfg = Debug|Any CPU
		{93132555-7473-4CB9-80B3-2162986A9702}.Debug|Any CPU.Build.0 = Debug|Any CPU
		{93132555-7473-4CB9-80B3-2162986A9702}.Release|Any CPU.ActiveCfg = Release|Any CPU
		{93132555-7473-4CB9-80B3-2162986A9702}.Release|Any CPU.Build.0 = Release|Any CPU
		{71FA2E8A-9205-4B4B-8BB5-F9AF6B7AD59F}.Debug|Any CPU.ActiveCfg = Debug|Any CPU
		{71FA2E8A-9205-4B4B-8BB5-F9AF6B7AD59F}.Debug|Any CPU.Build.0 = Debug|Any CPU
		{71FA2E8A-9205-4B4B-8BB5-F9AF6B7AD59F}.Release|Any CPU.ActiveCfg = Release|Any CPU
		{71FA2E8A-9205-4B4B-8BB5-F9AF6B7AD59F}.Release|Any CPU.Build.0 = Release|Any CPU
		{03E016A8-29F3-4051-B55D-3B8E91C052C7}.Debug|Any CPU.ActiveCfg = Debug|Any CPU
		{03E016A8-29F3-4051-B55D-3B8E91C052C7}.Debug|Any CPU.Build.0 = Debug|Any CPU
		{03E016A8-29F3-4051-B55D-3B8E91C052C7}.Release|Any CPU.ActiveCfg = Release|Any CPU
		{03E016A8-29F3-4051-B55D-3B8E91C052C7}.Release|Any CPU.Build.0 = Release|Any CPU
		{2A3D97C8-069A-47D3-93E5-2179EB427E55}.Debug|Any CPU.ActiveCfg = Debug|Any CPU
		{2A3D97C8-069A-47D3-93E5-2179EB427E55}.Debug|Any CPU.Build.0 = Debug|Any CPU
		{2A3D97C8-069A-47D3-93E5-2179EB427E55}.Release|Any CPU.ActiveCfg = Release|Any CPU
		{2A3D97C8-069A-47D3-93E5-2179EB427E55}.Release|Any CPU.Build.0 = Release|Any CPU
	EndGlobalSection
	GlobalSection(SolutionProperties) = preSolution
		HideSolutionNode = FALSE
	EndGlobalSection
	GlobalSection(NestedProjects) = preSolution
		{71FA2E8A-9205-4B4B-8BB5-F9AF6B7AD59F} = {75F2467C-B672-4DF4-AA75-478618897FAF}
	EndGlobalSection
	GlobalSection(ExtensibilityGlobals) = postSolution
		SolutionGuid = {56512544-A6CD-4146-B0AC-8CD61C0F36A5}
	EndGlobalSection
EndGlobal
