
Microsoft Visual Studio Solution File, Format Version 12.00
# Visual Studio Version 16
VisualStudioVersion = 16.0.30804.86
MinimumVisualStudioVersion = 10.0.40219.1
Project("{FAE04EC0-301F-11D3-BF4B-00C04F79EFBC}") = "Aula03-flow-synch", "Aula03-flow-synch\Aula03-flow-synch.csproj", "{93132555-7473-4CB9-80B3-2162986A9702}"
EndProject
Project("{2150E333-8FDC-42A3-9474-1A3956D46DE8}") = "aula-10-22", "aula-10-22", "{75F2467C-B672-4DF4-AA75-478618897FAF}"
EndProject
Project("{FAE04EC0-301F-11D3-BF4B-00C04F79EFBC}") = "SemaphoreFifoED", "SemaphoreFifoED\SemaphoreFifoED.csproj", "{71FA2E8A-9205-4B4B-8BB5-F9AF6B7AD59F}"
EndProject
Project("{FAE04EC0-301F-11D3-BF4B-00C04F79EFBC}") = "SynchUtils", "SynchUtils\SynchUtils.csproj", "{03E016A8-29F3-4051-B55D-3B8E91C052C7}"
EndProject
Project("{FAE04EC0-301F-11D3-BF4B-00C04F79EFBC}") = "Aula14-memory-model", "Aula14-memory-model\Aula14-memory-model.csproj", "{2A3D97C8-069A-47D3-93E5-2179EB427E55}"
EndProject
Project("{FAE04EC0-301F-11D3-BF4B-00C04F79EFBC}") = "Aula16-threadpools", "Aula16-threadpools\Aula16-threadpools.csproj", "{0CA61658-0314-4527-A5C1-538D37AD7526}"
EndProject
Project("{FAE04EC0-301F-11D3-BF4B-00C04F79EFBC}") = "aula20-tasks-intro", "aula20-tasks-intro\aula20-tasks-intro.csproj", "{7C859EF2-4494-4084-AC5E-8E28E1883929}"
EndProject
Project("{FAE04EC0-301F-11D3-BF4B-00C04F79EFBC}") = "aula21-tasks", "aula21-tasks\aula21-tasks.csproj", "{1318FC0A-D51F-4F07-8AD4-DC1814AF4FD9}"
EndProject
Project("{2150E333-8FDC-42A3-9474-1A3956D46DE8}") = "Aula21-dec10-Tasks", "Aula21-dec10-Tasks", "{D1C6634E-8D36-4817-AAD6-B05A351E4D51}"
EndProject
Project("{FAE04EC0-301F-11D3-BF4B-00C04F79EFBC}") = "aula21-tasks-intro2", "aula21-tasks-intro2\aula21-tasks-intro2.csproj", "{6414C43B-9865-44D8-8FC1-96BBE853D43F}"
EndProject
Project("{FAE04EC0-301F-11D3-BF4B-00C04F79EFBC}") = "Aula22-async-methods", "Aula22-async-methods\Aula22-async-methods.csproj", "{5AF4F081-713C-4E97-835C-09B1102BEA61}"
EndProject
Project("{FAE04EC0-301F-11D3-BF4B-00C04F79EFBC}") = "Aula22-tests", "Aula22-UniTests\Aula22-tests.csproj", "{22C5C334-3DB0-43A4-9369-3B4387C9D50F}"
EndProject
Project("{2150E333-8FDC-42A3-9474-1A3956D46DE8}") = "Aula22-dec16-async-await", "Aula22-dec16-async-await", "{C4296DD8-56EC-418E-B8AD-27097C6C30F0}"
EndProject
Project("{FAE04EC0-301F-11D3-BF4B-00C04F79EFBC}") = "Aula23-task-schedulling", "Aula23-task-schedulling\Aula23-task-schedulling.csproj", "{F5A1D52F-C038-4370-9372-E715DAACF6C7}"
EndProject
Project("{FAE04EC0-301F-11D3-BF4B-00C04F79EFBC}") = "Aula24-gui-and-async", "Aula24-gui-and-async\Aula24-gui-and-async.csproj", "{F88462FA-D089-46C9-8E19-6BE17AE6DA82}"
EndProject
Project("{FAE04EC0-301F-11D3-BF4B-00C04F79EFBC}") = "AsyncUtils", "AsyncUtils\AsyncUtils.csproj", "{0099F636-3486-4F2B-8C40-16B5C155114C}"
EndProject
Project("{2150E333-8FDC-42A3-9474-1A3956D46DE8}") = "Aula25-dec17-oldtests", "Aula25-dec17-oldtests", "{577E77C9-12AD-4FCE-9135-728A0035636A}"
EndProject
Project("{FAE04EC0-301F-11D3-BF4B-00C04F79EFBC}") = "t2016i1", "t2016i1\t2016i1.csproj", "{C9394487-A1E2-41B2-B5FA-DF89E0C99ACF}"
EndProject
Project("{FAE04EC0-301F-11D3-BF4B-00C04F79EFBC}") = "t2018i1", "t2018i1\t2018i1.csproj", "{1FDDE6DF-61E4-4A4E-8382-8158CB267A85}"
EndProject
Project("{FAE04EC0-301F-11D3-BF4B-00C04F79EFBC}") = "Dec17LectureTests", "Dec17LectureTests\Dec17LectureTests.csproj", "{18279C57-959F-4B2B-B135-6CA367DDD97F}"
EndProject
Project("{2150E333-8FDC-42A3-9474-1A3956D46DE8}") = "Aula23-24-dec16-more-tasks", "Aula23-24-dec16-more-tasks", "{8D2F0D7E-BB3D-4CBC-B8D4-78150022BB18}"
EndProject
Project("{2150E333-8FDC-42A3-9474-1A3956D46DE8}") = "Aula20-dec9-tasks-intro", "Aula20-dec9-tasks-intro", "{763D3CA3-64C9-4DE4-BE48-FD1402CACDBF}"
EndProject
Project("{2150E333-8FDC-42A3-9474-1A3956D46DE8}") = "Aula26-jan06-asynchronizers", "Aula26-jan06-asynchronizers", "{CC224DBC-88E3-4048-A986-9F5F530351DB}"
EndProject
Project("{FAE04EC0-301F-11D3-BF4B-00C04F79EFBC}") = "BlockingQueue", "BlockingQueue\BlockingQueue.csproj", "{C8511AB8-C61D-43A2-99BA-E2D38F1D8AFB}"
EndProject
Project("{2150E333-8FDC-42A3-9474-1A3956D46DE8}") = "Tests", "Tests", "{59BE3845-2E9C-4CF2-8AEF-40FF50CE2EF6}"
EndProject
Project("{FAE04EC0-301F-11D3-BF4B-00C04F79EFBC}") = "BlockingQueueTests", "Aula26-jan06-asynchronizers\BlockingQueueTests\BlockingQueueTests.csproj", "{30CE405B-1485-427E-9C02-0599C707FCC8}"
EndProject
Project("{FAE04EC0-301F-11D3-BF4B-00C04F79EFBC}") = "AsyncLib", "AsyncLib\AsyncLib.csproj", "{C21F30CF-0DCF-4FC1-885B-83E296026392}"
EndProject
Project("{FAE04EC0-301F-11D3-BF4B-00C04F79EFBC}") = "SemaphoreAsyncTests", "Aula26-jan06-asynchronizers\SemaphoreAsyncTests\SemaphoreAsyncTests.csproj", "{F2DCE19C-9073-40F7-BF6D-A2F2D593CC97}"
EndProject
Global
	GlobalSection(SolutionConfigurationPlatforms) = preSolution
		Debug|Any CPU = Debug|Any CPU
		Release|Any CPU = Release|Any CPU
	EndGlobalSection
	GlobalSection(ProjectConfigurationPlatforms) = postSolution
		{93132555-7473-4CB9-80B3-2162986A9702}.Debug|Any CPU.ActiveCfg = Debug|Any CPU
		{93132555-7473-4CB9-80B3-2162986A9702}.Debug|Any CPU.Build.0 = Debug|Any CPU
		{93132555-7473-4CB9-80B3-2162986A9702}.Release|Any CPU.ActiveCfg = Release|Any CPU
		{93132555-7473-4CB9-80B3-2162986A9702}.Release|Any CPU.Build.0 = Release|Any CPU
		{71FA2E8A-9205-4B4B-8BB5-F9AF6B7AD59F}.Debug|Any CPU.ActiveCfg = Debug|Any CPU
		{71FA2E8A-9205-4B4B-8BB5-F9AF6B7AD59F}.Debug|Any CPU.Build.0 = Debug|Any CPU
		{71FA2E8A-9205-4B4B-8BB5-F9AF6B7AD59F}.Release|Any CPU.ActiveCfg = Release|Any CPU
		{71FA2E8A-9205-4B4B-8BB5-F9AF6B7AD59F}.Release|Any CPU.Build.0 = Release|Any CPU
		{03E016A8-29F3-4051-B55D-3B8E91C052C7}.Debug|Any CPU.ActiveCfg = Debug|Any CPU
		{03E016A8-29F3-4051-B55D-3B8E91C052C7}.Debug|Any CPU.Build.0 = Debug|Any CPU
		{03E016A8-29F3-4051-B55D-3B8E91C052C7}.Release|Any CPU.ActiveCfg = Release|Any CPU
		{03E016A8-29F3-4051-B55D-3B8E91C052C7}.Release|Any CPU.Build.0 = Release|Any CPU
		{2A3D97C8-069A-47D3-93E5-2179EB427E55}.Debug|Any CPU.ActiveCfg = Debug|Any CPU
		{2A3D97C8-069A-47D3-93E5-2179EB427E55}.Debug|Any CPU.Build.0 = Debug|Any CPU
		{2A3D97C8-069A-47D3-93E5-2179EB427E55}.Release|Any CPU.ActiveCfg = Release|Any CPU
		{2A3D97C8-069A-47D3-93E5-2179EB427E55}.Release|Any CPU.Build.0 = Release|Any CPU
		{0CA61658-0314-4527-A5C1-538D37AD7526}.Debug|Any CPU.ActiveCfg = Release|Any CPU
		{0CA61658-0314-4527-A5C1-538D37AD7526}.Debug|Any CPU.Build.0 = Release|Any CPU
		{0CA61658-0314-4527-A5C1-538D37AD7526}.Release|Any CPU.ActiveCfg = Release|Any CPU
		{0CA61658-0314-4527-A5C1-538D37AD7526}.Release|Any CPU.Build.0 = Release|Any CPU
		{7C859EF2-4494-4084-AC5E-8E28E1883929}.Debug|Any CPU.ActiveCfg = Debug|Any CPU
		{7C859EF2-4494-4084-AC5E-8E28E1883929}.Debug|Any CPU.Build.0 = Debug|Any CPU
		{7C859EF2-4494-4084-AC5E-8E28E1883929}.Release|Any CPU.ActiveCfg = Release|Any CPU
		{7C859EF2-4494-4084-AC5E-8E28E1883929}.Release|Any CPU.Build.0 = Release|Any CPU
		{1318FC0A-D51F-4F07-8AD4-DC1814AF4FD9}.Debug|Any CPU.ActiveCfg = Debug|Any CPU
		{1318FC0A-D51F-4F07-8AD4-DC1814AF4FD9}.Debug|Any CPU.Build.0 = Debug|Any CPU
		{1318FC0A-D51F-4F07-8AD4-DC1814AF4FD9}.Release|Any CPU.ActiveCfg = Release|Any CPU
		{1318FC0A-D51F-4F07-8AD4-DC1814AF4FD9}.Release|Any CPU.Build.0 = Release|Any CPU
		{6414C43B-9865-44D8-8FC1-96BBE853D43F}.Debug|Any CPU.ActiveCfg = Debug|Any CPU
		{6414C43B-9865-44D8-8FC1-96BBE853D43F}.Debug|Any CPU.Build.0 = Debug|Any CPU
		{6414C43B-9865-44D8-8FC1-96BBE853D43F}.Release|Any CPU.ActiveCfg = Release|Any CPU
		{6414C43B-9865-44D8-8FC1-96BBE853D43F}.Release|Any CPU.Build.0 = Release|Any CPU
		{5AF4F081-713C-4E97-835C-09B1102BEA61}.Debug|Any CPU.ActiveCfg = Debug|Any CPU
		{5AF4F081-713C-4E97-835C-09B1102BEA61}.Debug|Any CPU.Build.0 = Debug|Any CPU
		{5AF4F081-713C-4E97-835C-09B1102BEA61}.Release|Any CPU.ActiveCfg = Release|Any CPU
		{5AF4F081-713C-4E97-835C-09B1102BEA61}.Release|Any CPU.Build.0 = Release|Any CPU
		{22C5C334-3DB0-43A4-9369-3B4387C9D50F}.Debug|Any CPU.ActiveCfg = Debug|Any CPU
		{22C5C334-3DB0-43A4-9369-3B4387C9D50F}.Debug|Any CPU.Build.0 = Debug|Any CPU
		{22C5C334-3DB0-43A4-9369-3B4387C9D50F}.Release|Any CPU.ActiveCfg = Release|Any CPU
		{22C5C334-3DB0-43A4-9369-3B4387C9D50F}.Release|Any CPU.Build.0 = Release|Any CPU
		{F5A1D52F-C038-4370-9372-E715DAACF6C7}.Debug|Any CPU.ActiveCfg = Release|Any CPU
		{F5A1D52F-C038-4370-9372-E715DAACF6C7}.Debug|Any CPU.Build.0 = Release|Any CPU
		{F5A1D52F-C038-4370-9372-E715DAACF6C7}.Release|Any CPU.ActiveCfg = Release|Any CPU
		{F5A1D52F-C038-4370-9372-E715DAACF6C7}.Release|Any CPU.Build.0 = Release|Any CPU
		{F88462FA-D089-46C9-8E19-6BE17AE6DA82}.Debug|Any CPU.ActiveCfg = Debug|Any CPU
		{F88462FA-D089-46C9-8E19-6BE17AE6DA82}.Debug|Any CPU.Build.0 = Debug|Any CPU
		{F88462FA-D089-46C9-8E19-6BE17AE6DA82}.Release|Any CPU.ActiveCfg = Release|Any CPU
		{F88462FA-D089-46C9-8E19-6BE17AE6DA82}.Release|Any CPU.Build.0 = Release|Any CPU
		{0099F636-3486-4F2B-8C40-16B5C155114C}.Debug|Any CPU.ActiveCfg = Debug|Any CPU
		{0099F636-3486-4F2B-8C40-16B5C155114C}.Debug|Any CPU.Build.0 = Debug|Any CPU
		{0099F636-3486-4F2B-8C40-16B5C155114C}.Release|Any CPU.ActiveCfg = Release|Any CPU
		{0099F636-3486-4F2B-8C40-16B5C155114C}.Release|Any CPU.Build.0 = Release|Any CPU
		{C9394487-A1E2-41B2-B5FA-DF89E0C99ACF}.Debug|Any CPU.ActiveCfg = Debug|Any CPU
		{C9394487-A1E2-41B2-B5FA-DF89E0C99ACF}.Debug|Any CPU.Build.0 = Debug|Any CPU
		{C9394487-A1E2-41B2-B5FA-DF89E0C99ACF}.Release|Any CPU.ActiveCfg = Release|Any CPU
		{C9394487-A1E2-41B2-B5FA-DF89E0C99ACF}.Release|Any CPU.Build.0 = Release|Any CPU
		{1FDDE6DF-61E4-4A4E-8382-8158CB267A85}.Debug|Any CPU.ActiveCfg = Debug|Any CPU
		{1FDDE6DF-61E4-4A4E-8382-8158CB267A85}.Debug|Any CPU.Build.0 = Debug|Any CPU
		{1FDDE6DF-61E4-4A4E-8382-8158CB267A85}.Release|Any CPU.ActiveCfg = Release|Any CPU
		{1FDDE6DF-61E4-4A4E-8382-8158CB267A85}.Release|Any CPU.Build.0 = Release|Any CPU
		{18279C57-959F-4B2B-B135-6CA367DDD97F}.Debug|Any CPU.ActiveCfg = Debug|Any CPU
		{18279C57-959F-4B2B-B135-6CA367DDD97F}.Debug|Any CPU.Build.0 = Debug|Any CPU
		{18279C57-959F-4B2B-B135-6CA367DDD97F}.Release|Any CPU.ActiveCfg = Release|Any CPU
		{18279C57-959F-4B2B-B135-6CA367DDD97F}.Release|Any CPU.Build.0 = Release|Any CPU
		{C8511AB8-C61D-43A2-99BA-E2D38F1D8AFB}.Debug|Any CPU.ActiveCfg = Debug|Any CPU
		{C8511AB8-C61D-43A2-99BA-E2D38F1D8AFB}.Debug|Any CPU.Build.0 = Debug|Any CPU
		{C8511AB8-C61D-43A2-99BA-E2D38F1D8AFB}.Release|Any CPU.ActiveCfg = Release|Any CPU
		{C8511AB8-C61D-43A2-99BA-E2D38F1D8AFB}.Release|Any CPU.Build.0 = Release|Any CPU
		{30CE405B-1485-427E-9C02-0599C707FCC8}.Debug|Any CPU.ActiveCfg = Debug|Any CPU
		{30CE405B-1485-427E-9C02-0599C707FCC8}.Debug|Any CPU.Build.0 = Debug|Any CPU
		{30CE405B-1485-427E-9C02-0599C707FCC8}.Release|Any CPU.ActiveCfg = Release|Any CPU
		{30CE405B-1485-427E-9C02-0599C707FCC8}.Release|Any CPU.Build.0 = Release|Any CPU
		{C21F30CF-0DCF-4FC1-885B-83E296026392}.Debug|Any CPU.ActiveCfg = Debug|Any CPU
		{C21F30CF-0DCF-4FC1-885B-83E296026392}.Debug|Any CPU.Build.0 = Debug|Any CPU
		{C21F30CF-0DCF-4FC1-885B-83E296026392}.Release|Any CPU.ActiveCfg = Release|Any CPU
		{C21F30CF-0DCF-4FC1-885B-83E296026392}.Release|Any CPU.Build.0 = Release|Any CPU
		{F2DCE19C-9073-40F7-BF6D-A2F2D593CC97}.Debug|Any CPU.ActiveCfg = Debug|Any CPU
		{F2DCE19C-9073-40F7-BF6D-A2F2D593CC97}.Debug|Any CPU.Build.0 = Debug|Any CPU
		{F2DCE19C-9073-40F7-BF6D-A2F2D593CC97}.Release|Any CPU.ActiveCfg = Release|Any CPU
		{F2DCE19C-9073-40F7-BF6D-A2F2D593CC97}.Release|Any CPU.Build.0 = Release|Any CPU
	EndGlobalSection
	GlobalSection(SolutionProperties) = preSolution
		HideSolutionNode = FALSE
	EndGlobalSection
	GlobalSection(NestedProjects) = preSolution
		{71FA2E8A-9205-4B4B-8BB5-F9AF6B7AD59F} = {75F2467C-B672-4DF4-AA75-478618897FAF}
		{7C859EF2-4494-4084-AC5E-8E28E1883929} = {763D3CA3-64C9-4DE4-BE48-FD1402CACDBF}
		{1318FC0A-D51F-4F07-8AD4-DC1814AF4FD9} = {D1C6634E-8D36-4817-AAD6-B05A351E4D51}
		{6414C43B-9865-44D8-8FC1-96BBE853D43F} = {D1C6634E-8D36-4817-AAD6-B05A351E4D51}
		{5AF4F081-713C-4E97-835C-09B1102BEA61} = {C4296DD8-56EC-418E-B8AD-27097C6C30F0}
		{22C5C334-3DB0-43A4-9369-3B4387C9D50F} = {C4296DD8-56EC-418E-B8AD-27097C6C30F0}
		{F5A1D52F-C038-4370-9372-E715DAACF6C7} = {8D2F0D7E-BB3D-4CBC-B8D4-78150022BB18}
		{F88462FA-D089-46C9-8E19-6BE17AE6DA82} = {8D2F0D7E-BB3D-4CBC-B8D4-78150022BB18}
		{C9394487-A1E2-41B2-B5FA-DF89E0C99ACF} = {577E77C9-12AD-4FCE-9135-728A0035636A}
		{1FDDE6DF-61E4-4A4E-8382-8158CB267A85} = {577E77C9-12AD-4FCE-9135-728A0035636A}
		{18279C57-959F-4B2B-B135-6CA367DDD97F} = {577E77C9-12AD-4FCE-9135-728A0035636A}
		{C8511AB8-C61D-43A2-99BA-E2D38F1D8AFB} = {CC224DBC-88E3-4048-A986-9F5F530351DB}
		{59BE3845-2E9C-4CF2-8AEF-40FF50CE2EF6} = {CC224DBC-88E3-4048-A986-9F5F530351DB}
		{30CE405B-1485-427E-9C02-0599C707FCC8} = {59BE3845-2E9C-4CF2-8AEF-40FF50CE2EF6}
		{C21F30CF-0DCF-4FC1-885B-83E296026392} = {CC224DBC-88E3-4048-A986-9F5F530351DB}
		{F2DCE19C-9073-40F7-BF6D-A2F2D593CC97} = {59BE3845-2E9C-4CF2-8AEF-40FF50CE2EF6}
	EndGlobalSection
	GlobalSection(ExtensibilityGlobals) = postSolution
		SolutionGuid = {56512544-A6CD-4146-B0AC-8CD61C0F36A5}
	EndGlobalSection
EndGlobal
